
Microsoft Visual Studio Solution File, Format Version 12.00
# Visual Studio Version 16
VisualStudioVersion = 16.0.810.10
MinimumVisualStudioVersion = 10.0.40219.1
Project("{FAE04EC0-301F-11D3-BF4B-00C04F79EFBC}") = "TelegramBotSharp", "TelegramBotSharp\TelegramBotSharp.csproj", "{172D5C03-E8E7-4E5D-80FC-D9632C046C72}"
EndProject
Project("{FAE04EC0-301F-11D3-BF4B-00C04F79EFBC}") = "TelegramBot", "TelegramBot\TelegramBot.csproj", "{149F3CB0-EE8E-42E3-A7C0-E2D1DFDBD14A}"
EndProject
Global
	GlobalSection(SolutionConfigurationPlatforms) = preSolution
		Debug|Any CPU = Debug|Any CPU
		Release|Any CPU = Release|Any CPU
	EndGlobalSection
	GlobalSection(ProjectConfigurationPlatforms) = postSolution
		{172D5C03-E8E7-4E5D-80FC-D9632C046C72}.Debug|Any CPU.ActiveCfg = Debug|Any CPU
		{172D5C03-E8E7-4E5D-80FC-D9632C046C72}.Debug|Any CPU.Build.0 = Debug|Any CPU
		{172D5C03-E8E7-4E5D-80FC-D9632C046C72}.Release|Any CPU.ActiveCfg = Release|Any CPU
		{172D5C03-E8E7-4E5D-80FC-D9632C046C72}.Release|Any CPU.Build.0 = Release|Any CPU
		{149F3CB0-EE8E-42E3-A7C0-E2D1DFDBD14A}.Debug|Any CPU.ActiveCfg = Debug|Any CPU
		{149F3CB0-EE8E-42E3-A7C0-E2D1DFDBD14A}.Debug|Any CPU.Build.0 = Debug|Any CPU
		{149F3CB0-EE8E-42E3-A7C0-E2D1DFDBD14A}.Release|Any CPU.ActiveCfg = Release|Any CPU
		{149F3CB0-EE8E-42E3-A7C0-E2D1DFDBD14A}.Release|Any CPU.Build.0 = Release|Any CPU
	EndGlobalSection
	GlobalSection(SolutionProperties) = preSolution
		HideSolutionNode = FALSE
	EndGlobalSection
	GlobalSection(ExtensibilityGlobals) = postSolution
		SolutionGuid = {6A0B219D-5BD4-4C1A-9016-3D54652F9F47}
	EndGlobalSection
EndGlobal
